
Microsoft Visual Studio Solution File, Format Version 12.00
# Visual Studio Version 17
VisualStudioVersion = 17.13.35806.99
MinimumVisualStudioVersion = 10.0.40219.1
Project("{FAE04EC0-301F-11D3-BF4B-00C04F79EFBC}") = "CarRent", "CarRent.csproj", "{0B42B2ED-1F8E-2997-BE76-5147D3E3E637}"
EndProject
Project("{FAE04EC0-301F-11D3-BF4B-00C04F79EFBC}") = "CarRent.Tests", "..\CarRent.Tests\CarRent.Tests.csproj", "{0E76F9AD-FBB3-4D93-AA02-981284BA1568}"
EndProject
Project("{FAE04EC0-301F-11D3-BF4B-00C04F79EFBC}") = "UnitTest", "..\UnitTest\UnitTest.csproj", "{3BBDEA96-A8F8-4B3F-B8F6-F447700AE3D6}"
EndProject
Global
	GlobalSection(SolutionConfigurationPlatforms) = preSolution
		Debug|Any CPU = Debug|Any CPU
		Release|Any CPU = Release|Any CPU
	EndGlobalSection
	GlobalSection(ProjectConfigurationPlatforms) = postSolution
		{0B42B2ED-1F8E-2997-BE76-5147D3E3E637}.Debug|Any CPU.ActiveCfg = Debug|Any CPU
		{0B42B2ED-1F8E-2997-BE76-5147D3E3E637}.Debug|Any CPU.Build.0 = Debug|Any CPU
		{0B42B2ED-1F8E-2997-BE76-5147D3E3E637}.Release|Any CPU.ActiveCfg = Release|Any CPU
		{0B42B2ED-1F8E-2997-BE76-5147D3E3E637}.Release|Any CPU.Build.0 = Release|Any CPU
		{0E76F9AD-FBB3-4D93-AA02-981284BA1568}.Debug|Any CPU.ActiveCfg = Debug|Any CPU
		{0E76F9AD-FBB3-4D93-AA02-981284BA1568}.Debug|Any CPU.Build.0 = Debug|Any CPU
		{0E76F9AD-FBB3-4D93-AA02-981284BA1568}.Release|Any CPU.ActiveCfg = Release|Any CPU
		{0E76F9AD-FBB3-4D93-AA02-981284BA1568}.Release|Any CPU.Build.0 = Release|Any CPU
		{3BBDEA96-A8F8-4B3F-B8F6-F447700AE3D6}.Debug|Any CPU.ActiveCfg = Debug|Any CPU
		{3BBDEA96-A8F8-4B3F-B8F6-F447700AE3D6}.Debug|Any CPU.Build.0 = Debug|Any CPU
		{3BBDEA96-A8F8-4B3F-B8F6-F447700AE3D6}.Release|Any CPU.ActiveCfg = Release|Any CPU
		{3BBDEA96-A8F8-4B3F-B8F6-F447700AE3D6}.Release|Any CPU.Build.0 = Release|Any CPU
	EndGlobalSection
	GlobalSection(SolutionProperties) = preSolution
		HideSolutionNode = FALSE
	EndGlobalSection
	GlobalSection(ExtensibilityGlobals) = postSolution
		SolutionGuid = {2D30C22B-6E5D-4240-8FDD-A1A5DD13488A}
	EndGlobalSection
EndGlobal
